
Microsoft Visual Studio Solution File, Format Version 12.00
# Visual Studio Version 17
VisualStudioVersion = 17.7.34031.279
MinimumVisualStudioVersion = 10.0.40219.1
Project("{FAE04EC0-301F-11D3-BF4B-00C04F79EFBC}") = "Day 3", "Day 3\Day 3.csproj", "{192087F3-9874-4626-A373-F62663D0FE47}"
EndProject
Global
	GlobalSection(SolutionConfigurationPlatforms) = preSolution
		Debug|Any CPU = Debug|Any CPU
		Release|Any CPU = Release|Any CPU
	EndGlobalSection
	GlobalSection(ProjectConfigurationPlatforms) = postSolution
		{192087F3-9874-4626-A373-F62663D0FE47}.Debug|Any CPU.ActiveCfg = Debug|Any CPU
		{192087F3-9874-4626-A373-F62663D0FE47}.Debug|Any CPU.Build.0 = Debug|Any CPU
		{192087F3-9874-4626-A373-F62663D0FE47}.Release|Any CPU.ActiveCfg = Release|Any CPU
		{192087F3-9874-4626-A373-F62663D0FE47}.Release|Any CPU.Build.0 = Release|Any CPU
	EndGlobalSection
	GlobalSection(SolutionProperties) = preSolution
		HideSolutionNode = FALSE
	EndGlobalSection
	GlobalSection(ExtensibilityGlobals) = postSolution
		SolutionGuid = {81AAB1E8-026B-40B4-801D-17549A03874B}
	EndGlobalSection
EndGlobal
